
Microsoft Visual Studio Solution File, Format Version 12.00
# Visual Studio 15
VisualStudioVersion = 15.0.26730.8
MinimumVisualStudioVersion = 10.0.40219.1
Project("{9A19103F-16F7-4668-BE54-9A1E7A4F7556}") = "LM.Web", "LM.Web\LM.Web.csproj", "{991757D0-4D6C-4296-AAAC-32709842CBE3}"
EndProject
Project("{FAE04EC0-301F-11D3-BF4B-00C04F79EFBC}") = "LM.Core", "LM.Core\LM.Core.csproj", "{BCB1CD70-3A89-46C7-8BE3-BFA145211503}"
EndProject
Global
	GlobalSection(SolutionConfigurationPlatforms) = preSolution
		Debug|Any CPU = Debug|Any CPU
		Release|Any CPU = Release|Any CPU
	EndGlobalSection
	GlobalSection(ProjectConfigurationPlatforms) = postSolution
		{991757D0-4D6C-4296-AAAC-32709842CBE3}.Debug|Any CPU.ActiveCfg = Debug|Any CPU
		{991757D0-4D6C-4296-AAAC-32709842CBE3}.Debug|Any CPU.Build.0 = Debug|Any CPU
		{991757D0-4D6C-4296-AAAC-32709842CBE3}.Release|Any CPU.ActiveCfg = Release|Any CPU
		{991757D0-4D6C-4296-AAAC-32709842CBE3}.Release|Any CPU.Build.0 = Release|Any CPU
		{BCB1CD70-3A89-46C7-8BE3-BFA145211503}.Debug|Any CPU.ActiveCfg = Debug|Any CPU
		{BCB1CD70-3A89-46C7-8BE3-BFA145211503}.Debug|Any CPU.Build.0 = Debug|Any CPU
		{BCB1CD70-3A89-46C7-8BE3-BFA145211503}.Release|Any CPU.ActiveCfg = Release|Any CPU
		{BCB1CD70-3A89-46C7-8BE3-BFA145211503}.Release|Any CPU.Build.0 = Release|Any CPU
	EndGlobalSection
	GlobalSection(SolutionProperties) = preSolution
		HideSolutionNode = FALSE
	EndGlobalSection
	GlobalSection(ExtensibilityGlobals) = postSolution
		SolutionGuid = {75F5064D-9698-41BD-AC49-E74CB6D4ECE6}
	EndGlobalSection
EndGlobal
